{
  "requires": true,
  "lockfileVersion": 1,
  "dependencies": {
    "@types/faker": {
      "version": "4.1.11",
      "resolved": "https://registry.npm.taobao.org/@types/faker/download/@types/faker-4.1.11.tgz",
      "integrity": "sha1-B5EfGjmu6u7HHY76D5PvDur9NGI="
    },
    "data": {
      "version": "0.6.1",
      "resolved": "https://registry.npm.taobao.org/data/download/data-0.6.1.tgz",
      "integrity": "sha1-82OwciT0jnz9cdPfRsSxH2+OX3U=",
      "requires": {
        "underscore": "^1.9.2"
      }
    },
    "faker": {
      "version": "4.1.0",
      "resolved": "https://registry.npm.taobao.org/faker/download/faker-4.1.0.tgz",
      "integrity": "sha1-HkW7vsxndLPBlfrSg1EJxtdIzD8="
    },
    "index": {
      "version": "0.4.0",
      "resolved": "https://registry.npm.taobao.org/index/download/index-0.4.0.tgz",
      "integrity": "sha1-6aaxyEBPKqi0T1LG7dSAXHDBz3U=",
      "requires": {
        "step": ">= 0.0.4"
      }
    },
    "step": {
      "version": "1.0.0",
      "resolved": "https://registry.npm.taobao.org/step/download/step-1.0.0.tgz",
      "integrity": "sha1-swDp0q6QV9TXhjOq4jA4E6lL3/I="
    },
    "typescript": {
      "version": "3.8.3",
      "resolved": "https://registry.npm.taobao.org/typescript/download/typescript-3.8.3.tgz",
      "integrity": "sha1-QJ64VE6gM1cRIFhp7EWKsQnuEGE=",
      "dev": true
    },
    "underscore": {
      "version": "1.9.2",
      "resolved": "https://registry.npm.taobao.org/underscore/download/underscore-1.9.2.tgz",
      "integrity": "sha1-DI1vU21vN4pa8mSnL3vsUP63zy8="
    }
  }
}
